# This file is automatically @generated by Cargo.
# It is not intended for manual editing.
version = 3

[[package]]
name = "cc"
version = "1.0.79"
source = "registry+https://github.com/rust-lang/crates.io-index"
checksum = "50d30906286121d95be3d479533b458f87493b30a4b5f79a607db8f5d11aa91f"

[[package]]
name = "cty"
version = "0.2.2"
source = "registry+https://github.com/rust-lang/crates.io-index"
checksum = "b365fabc795046672053e29c954733ec3b05e4be654ab130fe8f1f94d7051f35"

[[package]]
name = "foo"
version = "0.1.0"
dependencies = [
 "cc",
 "ocaml",
 "ocaml-build",
]

[[package]]
name = "ocaml"
version = "1.0.0-beta.5"
source = "git+https://github.com/zshipko/ocaml-rs#cae584cfd7bab89ac8634f6b50acd27191f8b815"
dependencies = [
 "ocaml-boxroot-sys",
 "ocaml-derive",
 "ocaml-interop",
 "ocaml-sys 0.23.0",
]

[[package]]
name = "ocaml-boxroot-sys"
version = "0.2.0"
source = "registry+https://github.com/rust-lang/crates.io-index"
checksum = "5186393bfbee4ce2bc5bbb82beafb77e85c1d0a557e3cfc8c8a0d63d7845fed5"
dependencies = [
 "cc",
]

[[package]]
name = "ocaml-build"
version = "1.0.0-beta.5"
source = "git+https://github.com/zshipko/ocaml-rs#cae584cfd7bab89ac8634f6b50acd27191f8b815"
dependencies = [
 "cc",
 "proc-macro2",
 "syn",
]

[[package]]
name = "ocaml-derive"
version = "1.0.0-beta.5"
source = "git+https://github.com/zshipko/ocaml-rs#cae584cfd7bab89ac8634f6b50acd27191f8b815"
dependencies = [
 "proc-macro2",
 "quote",
 "syn",
]

[[package]]
name = "ocaml-interop"
version = "0.8.8"
source = "registry+https://github.com/rust-lang/crates.io-index"
checksum = "2e01e08412a7e072a90a225d2ae49a2860aeea853ce673bc63891dbf86aed063"
dependencies = [
 "ocaml-boxroot-sys",
 "ocaml-sys 0.22.3",
 "static_assertions",
]

[[package]]
name = "ocaml-sys"
version = "0.22.3"
source = "registry+https://github.com/rust-lang/crates.io-index"
checksum = "73ec6ca7d41458442627435afb8f4671e83fd642e8a560171d671a1f679aa3cf"
dependencies = [
 "cty",
]

[[package]]
name = "ocaml-sys"
version = "0.23.0"
source = "git+https://github.com/zshipko/ocaml-rs#cae584cfd7bab89ac8634f6b50acd27191f8b815"
dependencies = [
 "cc",
 "cty",
]

[[package]]
name = "proc-macro2"
version = "1.0.51"
source = "registry+https://github.com/rust-lang/crates.io-index"
checksum = "5d727cae5b39d21da60fa540906919ad737832fe0b1c165da3a34d6548c849d6"
dependencies = [
 "unicode-ident",
]

[[package]]
name = "quote"
version = "1.0.23"
source = "registry+https://github.com/rust-lang/crates.io-index"
checksum = "8856d8364d252a14d474036ea1358d63c9e6965c8e5c1885c18f73d70bff9c7b"
dependencies = [
 "proc-macro2",
]

[[package]]
name = "static_assertions"
version = "1.1.0"
source = "registry+https://github.com/rust-lang/crates.io-index"
checksum = "a2eb9349b6444b326872e140eb1cf5e7c522154d69e7a0ffb0fb81c06b37543f"

[[package]]
name = "syn"
version = "1.0.109"
source = "registry+https://github.com/rust-lang/crates.io-index"
checksum = "72b64191b275b66ffe2469e8af2c1cfe3bafa67b529ead792a6d0160888b4237"
dependencies = [
 "proc-macro2",
 "quote",
 "unicode-ident",
]

[[package]]
name = "unicode-ident"
version = "1.0.8"
source = "registry+https://github.com/rust-lang/crates.io-index"
checksum = "e5464a87b239f13a63a501f2701565754bae92d243d4bb7eb12f6d57d2269bf4"
